
Microsoft Visual Studio Solution File, Format Version 12.00
# Visual Studio Version 17
VisualStudioVersion = 17.7.34018.315
MinimumVisualStudioVersion = 10.0.40219.1
Project("{9A19103F-16F7-4668-BE54-9A1E7A4F7556}") = "MonsterHunter", "MonsterHunter\MonsterHunter.csproj", "{C64B6DF6-6AFE-4816-83D3-BA25B05B6028}"
EndProject
Project("{9A19103F-16F7-4668-BE54-9A1E7A4F7556}") = "MonsterHunterCnsl", "MonsterHunterCnsl\MonsterHunterCnsl.csproj", "{D934F957-DFB9-4B3B-977E-8CB229F44484}"
EndProject
Global
	GlobalSection(SolutionConfigurationPlatforms) = preSolution
		Debug|Any CPU = Debug|Any CPU
		Release|Any CPU = Release|Any CPU
	EndGlobalSection
	GlobalSection(ProjectConfigurationPlatforms) = postSolution
		{C64B6DF6-6AFE-4816-83D3-BA25B05B6028}.Debug|Any CPU.ActiveCfg = Debug|Any CPU
		{C64B6DF6-6AFE-4816-83D3-BA25B05B6028}.Debug|Any CPU.Build.0 = Debug|Any CPU
		{C64B6DF6-6AFE-4816-83D3-BA25B05B6028}.Release|Any CPU.ActiveCfg = Release|Any CPU
		{C64B6DF6-6AFE-4816-83D3-BA25B05B6028}.Release|Any CPU.Build.0 = Release|Any CPU
		{D934F957-DFB9-4B3B-977E-8CB229F44484}.Debug|Any CPU.ActiveCfg = Debug|Any CPU
		{D934F957-DFB9-4B3B-977E-8CB229F44484}.Debug|Any CPU.Build.0 = Debug|Any CPU
		{D934F957-DFB9-4B3B-977E-8CB229F44484}.Release|Any CPU.ActiveCfg = Release|Any CPU
		{D934F957-DFB9-4B3B-977E-8CB229F44484}.Release|Any CPU.Build.0 = Release|Any CPU
	EndGlobalSection
	GlobalSection(SolutionProperties) = preSolution
		HideSolutionNode = FALSE
	EndGlobalSection
	GlobalSection(ExtensibilityGlobals) = postSolution
		SolutionGuid = {239CF5F3-BB38-4ABD-8839-AC3C58B90ABC}
	EndGlobalSection
EndGlobal
